
Microsoft Visual Studio Solution File, Format Version 11.00
# Visual Studio 2010
Project("{FAE04EC0-301F-11D3-BF4B-00C04F79EFBC}") = "MyClinic", "MyClinic\MyClinic.csproj", "{A1A8C4D5-B281-4CA1-A7B3-25705FB1A24F}"
EndProject
Project("{FAE04EC0-301F-11D3-BF4B-00C04F79EFBC}") = "MyClinic.Core", "..\MyClinic.Core\MyClinic.Core.csproj", "{2BC7044A-23FE-4B1C-91DB-BD553A900062}"
EndProject
Project("{FAE04EC0-301F-11D3-BF4B-00C04F79EFBC}") = "MyClinic.Infrastructure", "..\MyClinic.Infrastructure\MyClinic.Infrastructure.csproj", "{B766E13A-B8A6-4D00-AB59-66300D79667C}"
EndProject
Project("{FAE04EC0-301F-11D3-BF4B-00C04F79EFBC}") = "MyClinic.MVC.Extension", "..\MyClinic.MVC.Extenstion\MyClinic.MVC.Extension.csproj", "{4793CE24-BB08-4E52-9177-5295134FD5E0}"
EndProject
Project("{FAE04EC0-301F-11D3-BF4B-00C04F79EFBC}") = "Utilities", "..\Utilities\Utilities.csproj", "{8A5DE254-E951-4D57-8B5D-68E57CA33D31}"
EndProject
Global
	GlobalSection(SolutionConfigurationPlatforms) = preSolution
		Debug|Any CPU = Debug|Any CPU
		Release|Any CPU = Release|Any CPU
	EndGlobalSection
	GlobalSection(ProjectConfigurationPlatforms) = postSolution
		{A1A8C4D5-B281-4CA1-A7B3-25705FB1A24F}.Debug|Any CPU.ActiveCfg = Debug|Any CPU
		{A1A8C4D5-B281-4CA1-A7B3-25705FB1A24F}.Debug|Any CPU.Build.0 = Debug|Any CPU
		{A1A8C4D5-B281-4CA1-A7B3-25705FB1A24F}.Release|Any CPU.ActiveCfg = Release|Any CPU
		{A1A8C4D5-B281-4CA1-A7B3-25705FB1A24F}.Release|Any CPU.Build.0 = Release|Any CPU
		{2BC7044A-23FE-4B1C-91DB-BD553A900062}.Debug|Any CPU.ActiveCfg = Debug|Any CPU
		{2BC7044A-23FE-4B1C-91DB-BD553A900062}.Debug|Any CPU.Build.0 = Debug|Any CPU
		{2BC7044A-23FE-4B1C-91DB-BD553A900062}.Release|Any CPU.ActiveCfg = Release|Any CPU
		{2BC7044A-23FE-4B1C-91DB-BD553A900062}.Release|Any CPU.Build.0 = Release|Any CPU
		{B766E13A-B8A6-4D00-AB59-66300D79667C}.Debug|Any CPU.ActiveCfg = Debug|Any CPU
		{B766E13A-B8A6-4D00-AB59-66300D79667C}.Debug|Any CPU.Build.0 = Debug|Any CPU
		{B766E13A-B8A6-4D00-AB59-66300D79667C}.Release|Any CPU.ActiveCfg = Release|Any CPU
		{B766E13A-B8A6-4D00-AB59-66300D79667C}.Release|Any CPU.Build.0 = Release|Any CPU
		{4793CE24-BB08-4E52-9177-5295134FD5E0}.Debug|Any CPU.ActiveCfg = Debug|Any CPU
		{4793CE24-BB08-4E52-9177-5295134FD5E0}.Debug|Any CPU.Build.0 = Debug|Any CPU
		{4793CE24-BB08-4E52-9177-5295134FD5E0}.Release|Any CPU.ActiveCfg = Release|Any CPU
		{4793CE24-BB08-4E52-9177-5295134FD5E0}.Release|Any CPU.Build.0 = Release|Any CPU
		{8A5DE254-E951-4D57-8B5D-68E57CA33D31}.Debug|Any CPU.ActiveCfg = Debug|Any CPU
		{8A5DE254-E951-4D57-8B5D-68E57CA33D31}.Debug|Any CPU.Build.0 = Debug|Any CPU
		{8A5DE254-E951-4D57-8B5D-68E57CA33D31}.Release|Any CPU.ActiveCfg = Release|Any CPU
		{8A5DE254-E951-4D57-8B5D-68E57CA33D31}.Release|Any CPU.Build.0 = Release|Any CPU
	EndGlobalSection
	GlobalSection(SolutionProperties) = preSolution
		HideSolutionNode = FALSE
	EndGlobalSection
EndGlobal
